
Microsoft Visual Studio Solution File, Format Version 12.00
# Visual Studio Version 17
VisualStudioVersion = 17.11.35208.52
MinimumVisualStudioVersion = 10.0.40219.1
Project("{FAE04EC0-301F-11D3-BF4B-00C04F79EFBC}") = "GroupBoxDemo", "GroupBoxDemo\GroupBoxDemo.csproj", "{BDCAEC3B-E8F6-4467-BDB6-A737A952D7AD}"
EndProject
Global
	GlobalSection(SolutionConfigurationPlatforms) = preSolution
		Debug|Any CPU = Debug|Any CPU
		Release|Any CPU = Release|Any CPU
	EndGlobalSection
	GlobalSection(ProjectConfigurationPlatforms) = postSolution
		{BDCAEC3B-E8F6-4467-BDB6-A737A952D7AD}.Debug|Any CPU.ActiveCfg = Debug|Any CPU
		{BDCAEC3B-E8F6-4467-BDB6-A737A952D7AD}.Debug|Any CPU.Build.0 = Debug|Any CPU
		{BDCAEC3B-E8F6-4467-BDB6-A737A952D7AD}.Release|Any CPU.ActiveCfg = Release|Any CPU
		{BDCAEC3B-E8F6-4467-BDB6-A737A952D7AD}.Release|Any CPU.Build.0 = Release|Any CPU
	EndGlobalSection
	GlobalSection(SolutionProperties) = preSolution
		HideSolutionNode = FALSE
	EndGlobalSection
	GlobalSection(ExtensibilityGlobals) = postSolution
		SolutionGuid = {F4429E51-A289-4534-997C-74A881F8B1B6}
	EndGlobalSection
EndGlobal
